[
  {
    "repo_id": "kernels-community/flash-attn2",
    "sha": "81fb77c12b2ad5d69380669b46739d5868614502",
    "variants": {
      "torch-stable-abi210-cu126-aarch64-linux": {
        "hash": "sha256-7c5b78fc19c114372e03c01ad03295da7b994c23084731e42126a57e24f5e724",
        "hash_type": "git_lfs_concat"
      },
      "torch-stable-abi210-cu126-x86_64-linux": {
        "hash": "sha256-d834692dc1cea57fcde8c7ec498ea1c63bb48bf6c031b1553cb60e399315fca9",
        "hash_type": "git_lfs_concat"
      },
      "torch-stable-abi210-cu128-aarch64-linux": {
        "hash": "sha256-b9f4c4c99c5dde25ac1242ff7a53bf55fe97438f714b9ab27ffa0c6456965a6d",
        "hash_type": "git_lfs_concat"
      },
      "torch-stable-abi210-cu128-x86_64-linux": {
        "hash": "sha256-4c504b93fac49a009599dcb28ab07b219f8962bb375c42049eb8413a5cdbcfbf",
        "hash_type": "git_lfs_concat"
      },
      "torch-stable-abi210-cu130-aarch64-linux": {
        "hash": "sha256-c366aadd8a98f772eb45f2ebfdd63be989ba188ad4864aa082157a1d5542e9c1",
        "hash_type": "git_lfs_concat"
      },
      "torch-stable-abi210-cu130-x86_64-linux": {
        "hash": "sha256-fb59888ad577b7f075961f485d3df6e49aad896a3d4f8a30caf9298e81c8b204",
        "hash_type": "git_lfs_concat"
      },
      "torch-stable-abi210-cu132-aarch64-linux": {
        "hash": "sha256-10add4a95f296630628b3e2080ffdad828e1d6e6543f381a1d035f8b592cd4f3",
        "hash_type": "git_lfs_concat"
      },
      "torch-stable-abi210-cu132-x86_64-linux": {
        "hash": "sha256-a80069343a1d6172e25fcb9a2f96ded9a1d0fd62f7154597336e4d309b7e9685",
        "hash_type": "git_lfs_concat"
      },
      "torch211-cxx11-cpu-x86_64-linux": {
        "hash": "sha256-a9fa84ff37b974755dd6e3c08da0c5b90d79b69b761ba2597a65661dcdea07fa",
        "hash_type": "git_lfs_concat"
      },
      "torch211-cxx11-xpu20253-x86_64-linux": {
        "hash": "sha256-1f9db4824b542c27246f7cc25c3f4557c4a18f5ec0351131b6eb60699eb28bed",
        "hash_type": "git_lfs_concat"
      },
      "torch212-cxx11-cpu-x86_64-linux": {
        "hash": "sha256-34f97bf97873a8f2bde448c18c974c8ced821ce89bca7e0313c43966eecb2b43",
        "hash_type": "git_lfs_concat"
      },
      "torch212-cxx11-xpu20253-x86_64-linux": {
        "hash": "sha256-e551a492093a2140b8d9ba3e2d8d8acaa8f12527938df5f73684449fe345fd89",
        "hash_type": "git_lfs_concat"
      },
      "torch213-cxx11-cpu-x86_64-linux": {
        "hash": "sha256-8c58dc83e47b3af16f4e3b6af59010c557497c68177256d9876cbe6be392cf53",
        "hash_type": "git_lfs_concat"
      },
      "torch213-cxx11-xpu20260-x86_64-linux": {
        "hash": "sha256-746d927ba31b1469a79c2b9f7d9e18a4238487c62a314840ed465e577797601b",
        "hash_type": "git_lfs_concat"
      },
      "torch214-cxx11-cpu-x86_64-linux": {
        "hash": "sha256-2aa7701948064fe3df7c681c355982d0cf085a31a3deb01bec65d1f4f8fdc38c",
        "hash_type": "git_lfs_concat"
      },
      "torch214-cxx11-xpu20261-x86_64-linux": {
        "hash": "sha256-3ebedcfe7071ca366fc7a15dd27b570f335c1e332fdf368e5b839bbfae1c52c9",
        "hash_type": "git_lfs_concat"
      }
    }
  },
  {
    "repo_id": "kernels-community/flash-attn3",
    "sha": "43f0bd269777115d94ff826e0d113ce9c1c9087b",
    "variants": {
      "torch-stable-abi29-cu126-x86_64-linux": {
        "hash": "sha256-f130ad586e33e2810a6a731e7a88f9183fbe98f95d8e085ef7db6f9153c64672",
        "hash_type": "git_lfs_concat"
      },
      "torch-stable-abi29-cu128-x86_64-linux": {
        "hash": "sha256-1651bf516e1deb4f1db318e497cc081606a8193899bea95650f80b456ef78904",
        "hash_type": "git_lfs_concat"
      },
      "torch-stable-abi29-cu130-x86_64-linux": {
        "hash": "sha256-8dc3c4645b8ed2c5ce27873f8c6deb4ecf60060b5f08f538389b3d79e8842a2f",
        "hash_type": "git_lfs_concat"
      },
      "torch210-cxx11-cu128-x86_64-linux": {
        "hash": "sha256-43044b0121f22902a363c475e4d5edc46120af7abc126ad5db9782ef174dc284",
        "hash_type": "git_lfs_concat"
      },
      "torch210-cxx11-cu130-x86_64-linux": {
        "hash": "sha256-3467b35235769ebec82256e08ec299856ac34733ed1ecc2e854890a4fcd0fdee",
        "hash_type": "git_lfs_concat"
      },
      "torch211-cxx11-cu128-x86_64-linux": {
        "hash": "sha256-67f2af03de8af4c76cce249662d210be955a0022c4b56ec9fd4cb200f0c86cdd",
        "hash_type": "git_lfs_concat"
      },
      "torch211-cxx11-cu130-x86_64-linux": {
        "hash": "sha256-5283c2e8951a09c27b853f43fd757d8859fe560fb945b4ed0a68c64a618e236d",
        "hash_type": "git_lfs_concat"
      },
      "torch212-cxx11-cu130-x86_64-linux": {
        "hash": "sha256-cbee545d181d496af2349ffca6770f9d0941b30ffa25ddd1784abde66576de5f",
        "hash_type": "git_lfs_concat"
      }
    }
  }
]